
Microsoft Visual Studio Solution File, Format Version 12.00
# Visual Studio Version 16
VisualStudioVersion = 16.0.30204.135
MinimumVisualStudioVersion = 10.0.40219.1
Project("{2150E333-8FDC-42A3-9474-1A3956D46DE8}") = "samples", "samples", "{6CEBED5A-5E6D-43C6-BBF1-14EAFD09E603}"
EndProject
Project("{9A19103F-16F7-4668-BE54-9A1E7A4F7556}") = "Aloha.Services.Products", "samples\Aloha.Services.Products\Aloha.Services.Products\Aloha.Services.Products.csproj", "{BEC85A62-7D51-4A6D-AC38-858A944F5B4C}"
EndProject
Project("{2150E333-8FDC-42A3-9474-1A3956D46DE8}") = "src", "src", "{65DDED9C-3011-4225-BE10-C25442471F1D}"
EndProject
Project("{9A19103F-16F7-4668-BE54-9A1E7A4F7556}") = "Aloha", "src\Aloha\Aloha.csproj", "{DE764103-F32A-430F-8D83-1E22399B0065}"
EndProject
Project("{9A19103F-16F7-4668-BE54-9A1E7A4F7556}") = "Aloha.MessageBrokers", "src\Aloha.MessageBrokers\Aloha.MessageBrokers.csproj", "{F3AE52AB-4F3D-4DFB-A970-10F97EC228BC}"
EndProject
Project("{9A19103F-16F7-4668-BE54-9A1E7A4F7556}") = "Aloha.CQRS.Commands", "src\Aloha.CQRS.Commands\Aloha.CQRS.Commands.csproj", "{8C259A35-A008-4E26-AC15-BBE57A57C54D}"
EndProject
Project("{9A19103F-16F7-4668-BE54-9A1E7A4F7556}") = "Aloha.CQRS.Queries", "src\Aloha.CQRS.Queries\Aloha.CQRS.Queries.csproj", "{EF1C7C59-A3BC-4222-93FD-ACA2C87D4A29}"
EndProject
Project("{9A19103F-16F7-4668-BE54-9A1E7A4F7556}") = "Aloha.MessageBrokers.CQRS", "src\Aloha.MessageBrokers.CQRS\Aloha.MessageBrokers.CQRS.csproj", "{5092A6E0-7D96-40BE-BBBD-BD6D30AE6CB7}"
EndProject
Project("{9A19103F-16F7-4668-BE54-9A1E7A4F7556}") = "Aloha.CQRS.Notifications", "src\Aloha.CQRS.Notifications\Aloha.CQRS.Notifications.csproj", "{C8BC62E2-102C-4487-988B-AB349676FFD0}"
EndProject
Project("{9A19103F-16F7-4668-BE54-9A1E7A4F7556}") = "Aloha.Storages.AmazonS3", "src\Aloha.Storages.AmazonS3\Aloha.Storages.AmazonS3.csproj", "{6612A724-6A74-43F4-A377-48C3CE049712}"
EndProject
Project("{9A19103F-16F7-4668-BE54-9A1E7A4F7556}") = "Aloha.MessageBrokers.AmazonSQS", "src\Aloha.MessageBrokers.AmazonSQS\Aloha.MessageBrokers.AmazonSQS.csproj", "{D794D778-A998-4702-9D59-D98EFF9C917D}"
EndProject
Project("{9A19103F-16F7-4668-BE54-9A1E7A4F7556}") = "Aloha.Services.Customers", "samples\Aloha.Services.Customers\Aloha.Services.Customers.csproj", "{3D046974-FF40-4724-BE4F-C98164CF9318}"
EndProject
Project("{9A19103F-16F7-4668-BE54-9A1E7A4F7556}") = "Aloha.Services.Carts", "samples\Aloha.Services.Carts\Aloha.Services.Carts.csproj", "{CFA67D3E-A09B-4242-A638-3215134F5983}"
EndProject
Project("{9A19103F-16F7-4668-BE54-9A1E7A4F7556}") = "Aloha.Persistence.MongoDB", "src\Aloha.Persistence.MongoDB\Aloha.Persistence.MongoDB.csproj", "{710F708B-8F53-4482-A4C5-FDCB82FBE45F}"
EndProject
Project("{9A19103F-16F7-4668-BE54-9A1E7A4F7556}") = "Aloha.Grpc", "src\Aloha.Grpc\Aloha.Grpc.csproj", "{A1DB7243-9F22-4A0A-8A11-8DE5F8B42762}"
EndProject
Project("{9A19103F-16F7-4668-BE54-9A1E7A4F7556}") = "Aloha.Caching.Redis", "src\Aloha.Caching.Redis\Aloha.Caching.Redis.csproj", "{56626ACC-05E4-4C16-9066-9C47BEB92C56}"
EndProject
Project("{9A19103F-16F7-4668-BE54-9A1E7A4F7556}") = "Aloha.Logging", "src\Aloha.Logging\Aloha.Logging.csproj", "{1485B0C4-5422-4682-BB68-E6C8ECA13BD4}"
EndProject
Project("{9A19103F-16F7-4668-BE54-9A1E7A4F7556}") = "Aloha.MessageBrokers.RabbitMQ", "src\Aloha.MessageBrokers.RabbitMQ\Aloha.MessageBrokers.RabbitMQ.csproj", "{16C15CCB-E996-4B7A-8931-6100A71DCB97}"
EndProject
Project("{9A19103F-16F7-4668-BE54-9A1E7A4F7556}") = "Aloha.CQRS.Events", "src\Aloha.CQRS.Events\Aloha.CQRS.Events.csproj", "{8474DBA2-F734-4FE4-ACE2-A17AD932CF09}"
EndProject
Project("{9A19103F-16F7-4668-BE54-9A1E7A4F7556}") = "Aloha.MessageStreams", "src\Aloha.MessageStreams\Aloha.MessageStreams.csproj", "{BC2F63CD-7620-454C-A300-72E50D219C20}"
EndProject
Project("{9A19103F-16F7-4668-BE54-9A1E7A4F7556}") = "Aloha.MessageStreams.AmazonKinesis", "src\Aloha.MessageStreams.AmazonKinesis\Aloha.MessageStreams.AmazonKinesis.csproj", "{D4EDAE57-1553-4B9A-93A9-EBA93BD99CE0}"
EndProject
Project("{9A19103F-16F7-4668-BE54-9A1E7A4F7556}") = "Aloha.MessageStreams.CQRS", "src\Aloha.MessageStreams.CQRS\Aloha.MessageStreams.CQRS.csproj", "{DE78D10B-33FE-43AF-912A-63BF8E2FE806}"
EndProject
Project("{FAE04EC0-301F-11D3-BF4B-00C04F79EFBC}") = "Aloha.MessageStreams.Kafka", "src\Aloha.MessageStreams.Kafka\Aloha.MessageStreams.Kafka.csproj", "{3FD75E3B-4336-46D9-9CB4-02E13B2820F1}"
EndProject
Global
	GlobalSection(SolutionConfigurationPlatforms) = preSolution
		Debug|Any CPU = Debug|Any CPU
		Release|Any CPU = Release|Any CPU
	EndGlobalSection
	GlobalSection(ProjectConfigurationPlatforms) = postSolution
		{BEC85A62-7D51-4A6D-AC38-858A944F5B4C}.Debug|Any CPU.ActiveCfg = Debug|Any CPU
		{BEC85A62-7D51-4A6D-AC38-858A944F5B4C}.Debug|Any CPU.Build.0 = Debug|Any CPU
		{BEC85A62-7D51-4A6D-AC38-858A944F5B4C}.Release|Any CPU.ActiveCfg = Release|Any CPU
		{BEC85A62-7D51-4A6D-AC38-858A944F5B4C}.Release|Any CPU.Build.0 = Release|Any CPU
		{DE764103-F32A-430F-8D83-1E22399B0065}.Debug|Any CPU.ActiveCfg = Debug|Any CPU
		{DE764103-F32A-430F-8D83-1E22399B0065}.Debug|Any CPU.Build.0 = Debug|Any CPU
		{DE764103-F32A-430F-8D83-1E22399B0065}.Release|Any CPU.ActiveCfg = Release|Any CPU
		{DE764103-F32A-430F-8D83-1E22399B0065}.Release|Any CPU.Build.0 = Release|Any CPU
		{F3AE52AB-4F3D-4DFB-A970-10F97EC228BC}.Debug|Any CPU.ActiveCfg = Debug|Any CPU
		{F3AE52AB-4F3D-4DFB-A970-10F97EC228BC}.Debug|Any CPU.Build.0 = Debug|Any CPU
		{F3AE52AB-4F3D-4DFB-A970-10F97EC228BC}.Release|Any CPU.ActiveCfg = Release|Any CPU
		{F3AE52AB-4F3D-4DFB-A970-10F97EC228BC}.Release|Any CPU.Build.0 = Release|Any CPU
		{8C259A35-A008-4E26-AC15-BBE57A57C54D}.Debug|Any CPU.ActiveCfg = Debug|Any CPU
		{8C259A35-A008-4E26-AC15-BBE57A57C54D}.Debug|Any CPU.Build.0 = Debug|Any CPU
		{8C259A35-A008-4E26-AC15-BBE57A57C54D}.Release|Any CPU.ActiveCfg = Release|Any CPU
		{8C259A35-A008-4E26-AC15-BBE57A57C54D}.Release|Any CPU.Build.0 = Release|Any CPU
		{EF1C7C59-A3BC-4222-93FD-ACA2C87D4A29}.Debug|Any CPU.ActiveCfg = Debug|Any CPU
		{EF1C7C59-A3BC-4222-93FD-ACA2C87D4A29}.Debug|Any CPU.Build.0 = Debug|Any CPU
		{EF1C7C59-A3BC-4222-93FD-ACA2C87D4A29}.Release|Any CPU.ActiveCfg = Release|Any CPU
		{EF1C7C59-A3BC-4222-93FD-ACA2C87D4A29}.Release|Any CPU.Build.0 = Release|Any CPU
		{5092A6E0-7D96-40BE-BBBD-BD6D30AE6CB7}.Debug|Any CPU.ActiveCfg = Debug|Any CPU
		{5092A6E0-7D96-40BE-BBBD-BD6D30AE6CB7}.Debug|Any CPU.Build.0 = Debug|Any CPU
		{5092A6E0-7D96-40BE-BBBD-BD6D30AE6CB7}.Release|Any CPU.ActiveCfg = Release|Any CPU
		{5092A6E0-7D96-40BE-BBBD-BD6D30AE6CB7}.Release|Any CPU.Build.0 = Release|Any CPU
		{C8BC62E2-102C-4487-988B-AB349676FFD0}.Debug|Any CPU.ActiveCfg = Debug|Any CPU
		{C8BC62E2-102C-4487-988B-AB349676FFD0}.Debug|Any CPU.Build.0 = Debug|Any CPU
		{C8BC62E2-102C-4487-988B-AB349676FFD0}.Release|Any CPU.ActiveCfg = Release|Any CPU
		{C8BC62E2-102C-4487-988B-AB349676FFD0}.Release|Any CPU.Build.0 = Release|Any CPU
		{6612A724-6A74-43F4-A377-48C3CE049712}.Debug|Any CPU.ActiveCfg = Debug|Any CPU
		{6612A724-6A74-43F4-A377-48C3CE049712}.Debug|Any CPU.Build.0 = Debug|Any CPU
		{6612A724-6A74-43F4-A377-48C3CE049712}.Release|Any CPU.ActiveCfg = Release|Any CPU
		{6612A724-6A74-43F4-A377-48C3CE049712}.Release|Any CPU.Build.0 = Release|Any CPU
		{D794D778-A998-4702-9D59-D98EFF9C917D}.Debug|Any CPU.ActiveCfg = Debug|Any CPU
		{D794D778-A998-4702-9D59-D98EFF9C917D}.Debug|Any CPU.Build.0 = Debug|Any CPU
		{D794D778-A998-4702-9D59-D98EFF9C917D}.Release|Any CPU.ActiveCfg = Release|Any CPU
		{D794D778-A998-4702-9D59-D98EFF9C917D}.Release|Any CPU.Build.0 = Release|Any CPU
		{3D046974-FF40-4724-BE4F-C98164CF9318}.Debug|Any CPU.ActiveCfg = Debug|Any CPU
		{3D046974-FF40-4724-BE4F-C98164CF9318}.Debug|Any CPU.Build.0 = Debug|Any CPU
		{3D046974-FF40-4724-BE4F-C98164CF9318}.Release|Any CPU.ActiveCfg = Release|Any CPU
		{3D046974-FF40-4724-BE4F-C98164CF9318}.Release|Any CPU.Build.0 = Release|Any CPU
		{CFA67D3E-A09B-4242-A638-3215134F5983}.Debug|Any CPU.ActiveCfg = Debug|Any CPU
		{CFA67D3E-A09B-4242-A638-3215134F5983}.Debug|Any CPU.Build.0 = Debug|Any CPU
		{CFA67D3E-A09B-4242-A638-3215134F5983}.Release|Any CPU.ActiveCfg = Release|Any CPU
		{CFA67D3E-A09B-4242-A638-3215134F5983}.Release|Any CPU.Build.0 = Release|Any CPU
		{710F708B-8F53-4482-A4C5-FDCB82FBE45F}.Debug|Any CPU.ActiveCfg = Debug|Any CPU
		{710F708B-8F53-4482-A4C5-FDCB82FBE45F}.Debug|Any CPU.Build.0 = Debug|Any CPU
		{710F708B-8F53-4482-A4C5-FDCB82FBE45F}.Release|Any CPU.ActiveCfg = Release|Any CPU
		{710F708B-8F53-4482-A4C5-FDCB82FBE45F}.Release|Any CPU.Build.0 = Release|Any CPU
		{A1DB7243-9F22-4A0A-8A11-8DE5F8B42762}.Debug|Any CPU.ActiveCfg = Debug|Any CPU
		{A1DB7243-9F22-4A0A-8A11-8DE5F8B42762}.Debug|Any CPU.Build.0 = Debug|Any CPU
		{A1DB7243-9F22-4A0A-8A11-8DE5F8B42762}.Release|Any CPU.ActiveCfg = Release|Any CPU
		{A1DB7243-9F22-4A0A-8A11-8DE5F8B42762}.Release|Any CPU.Build.0 = Release|Any CPU
		{56626ACC-05E4-4C16-9066-9C47BEB92C56}.Debug|Any CPU.ActiveCfg = Debug|Any CPU
		{56626ACC-05E4-4C16-9066-9C47BEB92C56}.Debug|Any CPU.Build.0 = Debug|Any CPU
		{56626ACC-05E4-4C16-9066-9C47BEB92C56}.Release|Any CPU.ActiveCfg = Release|Any CPU
		{56626ACC-05E4-4C16-9066-9C47BEB92C56}.Release|Any CPU.Build.0 = Release|Any CPU
		{1485B0C4-5422-4682-BB68-E6C8ECA13BD4}.Debug|Any CPU.ActiveCfg = Debug|Any CPU
		{1485B0C4-5422-4682-BB68-E6C8ECA13BD4}.Debug|Any CPU.Build.0 = Debug|Any CPU
		{1485B0C4-5422-4682-BB68-E6C8ECA13BD4}.Release|Any CPU.ActiveCfg = Release|Any CPU
		{1485B0C4-5422-4682-BB68-E6C8ECA13BD4}.Release|Any CPU.Build.0 = Release|Any CPU
		{16C15CCB-E996-4B7A-8931-6100A71DCB97}.Debug|Any CPU.ActiveCfg = Debug|Any CPU
		{16C15CCB-E996-4B7A-8931-6100A71DCB97}.Debug|Any CPU.Build.0 = Debug|Any CPU
		{16C15CCB-E996-4B7A-8931-6100A71DCB97}.Release|Any CPU.ActiveCfg = Release|Any CPU
		{16C15CCB-E996-4B7A-8931-6100A71DCB97}.Release|Any CPU.Build.0 = Release|Any CPU
		{8474DBA2-F734-4FE4-ACE2-A17AD932CF09}.Debug|Any CPU.ActiveCfg = Debug|Any CPU
		{8474DBA2-F734-4FE4-ACE2-A17AD932CF09}.Debug|Any CPU.Build.0 = Debug|Any CPU
		{8474DBA2-F734-4FE4-ACE2-A17AD932CF09}.Release|Any CPU.ActiveCfg = Release|Any CPU
		{8474DBA2-F734-4FE4-ACE2-A17AD932CF09}.Release|Any CPU.Build.0 = Release|Any CPU
		{BC2F63CD-7620-454C-A300-72E50D219C20}.Debug|Any CPU.ActiveCfg = Debug|Any CPU
		{BC2F63CD-7620-454C-A300-72E50D219C20}.Debug|Any CPU.Build.0 = Debug|Any CPU
		{BC2F63CD-7620-454C-A300-72E50D219C20}.Release|Any CPU.ActiveCfg = Release|Any CPU
		{BC2F63CD-7620-454C-A300-72E50D219C20}.Release|Any CPU.Build.0 = Release|Any CPU
		{D4EDAE57-1553-4B9A-93A9-EBA93BD99CE0}.Debug|Any CPU.ActiveCfg = Debug|Any CPU
		{D4EDAE57-1553-4B9A-93A9-EBA93BD99CE0}.Debug|Any CPU.Build.0 = Debug|Any CPU
		{D4EDAE57-1553-4B9A-93A9-EBA93BD99CE0}.Release|Any CPU.ActiveCfg = Release|Any CPU
		{D4EDAE57-1553-4B9A-93A9-EBA93BD99CE0}.Release|Any CPU.Build.0 = Release|Any CPU
		{DE78D10B-33FE-43AF-912A-63BF8E2FE806}.Debug|Any CPU.ActiveCfg = Debug|Any CPU
		{DE78D10B-33FE-43AF-912A-63BF8E2FE806}.Debug|Any CPU.Build.0 = Debug|Any CPU
		{DE78D10B-33FE-43AF-912A-63BF8E2FE806}.Release|Any CPU.ActiveCfg = Release|Any CPU
		{DE78D10B-33FE-43AF-912A-63BF8E2FE806}.Release|Any CPU.Build.0 = Release|Any CPU
		{3FD75E3B-4336-46D9-9CB4-02E13B2820F1}.Debug|Any CPU.ActiveCfg = Debug|Any CPU
		{3FD75E3B-4336-46D9-9CB4-02E13B2820F1}.Debug|Any CPU.Build.0 = Debug|Any CPU
		{3FD75E3B-4336-46D9-9CB4-02E13B2820F1}.Release|Any CPU.ActiveCfg = Release|Any CPU
		{3FD75E3B-4336-46D9-9CB4-02E13B2820F1}.Release|Any CPU.Build.0 = Release|Any CPU
	EndGlobalSection
	GlobalSection(SolutionProperties) = preSolution
		HideSolutionNode = FALSE
	EndGlobalSection
	GlobalSection(NestedProjects) = preSolution
		{BEC85A62-7D51-4A6D-AC38-858A944F5B4C} = {6CEBED5A-5E6D-43C6-BBF1-14EAFD09E603}
		{DE764103-F32A-430F-8D83-1E22399B0065} = {65DDED9C-3011-4225-BE10-C25442471F1D}
		{F3AE52AB-4F3D-4DFB-A970-10F97EC228BC} = {65DDED9C-3011-4225-BE10-C25442471F1D}
		{8C259A35-A008-4E26-AC15-BBE57A57C54D} = {65DDED9C-3011-4225-BE10-C25442471F1D}
		{EF1C7C59-A3BC-4222-93FD-ACA2C87D4A29} = {65DDED9C-3011-4225-BE10-C25442471F1D}
		{5092A6E0-7D96-40BE-BBBD-BD6D30AE6CB7} = {65DDED9C-3011-4225-BE10-C25442471F1D}
		{C8BC62E2-102C-4487-988B-AB349676FFD0} = {65DDED9C-3011-4225-BE10-C25442471F1D}
		{6612A724-6A74-43F4-A377-48C3CE049712} = {65DDED9C-3011-4225-BE10-C25442471F1D}
		{D794D778-A998-4702-9D59-D98EFF9C917D} = {65DDED9C-3011-4225-BE10-C25442471F1D}
		{3D046974-FF40-4724-BE4F-C98164CF9318} = {6CEBED5A-5E6D-43C6-BBF1-14EAFD09E603}
		{CFA67D3E-A09B-4242-A638-3215134F5983} = {6CEBED5A-5E6D-43C6-BBF1-14EAFD09E603}
		{710F708B-8F53-4482-A4C5-FDCB82FBE45F} = {65DDED9C-3011-4225-BE10-C25442471F1D}
		{A1DB7243-9F22-4A0A-8A11-8DE5F8B42762} = {65DDED9C-3011-4225-BE10-C25442471F1D}
		{56626ACC-05E4-4C16-9066-9C47BEB92C56} = {65DDED9C-3011-4225-BE10-C25442471F1D}
		{1485B0C4-5422-4682-BB68-E6C8ECA13BD4} = {65DDED9C-3011-4225-BE10-C25442471F1D}
		{16C15CCB-E996-4B7A-8931-6100A71DCB97} = {65DDED9C-3011-4225-BE10-C25442471F1D}
		{8474DBA2-F734-4FE4-ACE2-A17AD932CF09} = {65DDED9C-3011-4225-BE10-C25442471F1D}
		{BC2F63CD-7620-454C-A300-72E50D219C20} = {65DDED9C-3011-4225-BE10-C25442471F1D}
		{D4EDAE57-1553-4B9A-93A9-EBA93BD99CE0} = {65DDED9C-3011-4225-BE10-C25442471F1D}
		{DE78D10B-33FE-43AF-912A-63BF8E2FE806} = {65DDED9C-3011-4225-BE10-C25442471F1D}
		{3FD75E3B-4336-46D9-9CB4-02E13B2820F1} = {65DDED9C-3011-4225-BE10-C25442471F1D}
	EndGlobalSection
	GlobalSection(ExtensibilityGlobals) = postSolution
		SolutionGuid = {764D7452-E2AD-4907-8F13-D1C2545421FC}
	EndGlobalSection
EndGlobal
