
Microsoft Visual Studio Solution File, Format Version 12.00
# Visual Studio Version 16
VisualStudioVersion = 16.0.30204.135
MinimumVisualStudioVersion = 10.0.40219.1
Project("{9A19103F-16F7-4668-BE54-9A1E7A4F7556}") = "Aloha.MessageBrokers.RabbitMQ", "src\Aloha.RabbitMQ\Aloha.MessageBrokers.RabbitMQ.csproj", "{4016EE74-5F0C-47F3-B338-EED9B06BD6FC}"
EndProject
Project("{2150E333-8FDC-42A3-9474-1A3956D46DE8}") = "samples", "samples", "{6CEBED5A-5E6D-43C6-BBF1-14EAFD09E603}"
EndProject
Project("{9A19103F-16F7-4668-BE54-9A1E7A4F7556}") = "Aloha.Services.Products", "samples\Aloha.Services.Products\Aloha.Services.Products\Aloha.Services.Products.csproj", "{BEC85A62-7D51-4A6D-AC38-858A944F5B4C}"
EndProject
Project("{2150E333-8FDC-42A3-9474-1A3956D46DE8}") = "src", "src", "{65DDED9C-3011-4225-BE10-C25442471F1D}"
EndProject
Project("{9A19103F-16F7-4668-BE54-9A1E7A4F7556}") = "Aloha", "src\Aloha\Aloha.csproj", "{DE764103-F32A-430F-8D83-1E22399B0065}"
EndProject
Project("{9A19103F-16F7-4668-BE54-9A1E7A4F7556}") = "Aloha.MessageBrokers", "src\Aloha.MessageBrokers\Aloha.MessageBrokers.csproj", "{F3AE52AB-4F3D-4DFB-A970-10F97EC228BC}"
EndProject
Project("{9A19103F-16F7-4668-BE54-9A1E7A4F7556}") = "Aloha.CQRS.Events", "src\Alora.CQRS.Events\Aloha.CQRS.Events.csproj", "{A0447F34-DA4C-4DDD-8215-7979C1DF2B39}"
EndProject
Project("{9A19103F-16F7-4668-BE54-9A1E7A4F7556}") = "Aloha.CQRS.Commands", "src\Aloha.CQRS.Commands\Aloha.CQRS.Commands.csproj", "{8C259A35-A008-4E26-AC15-BBE57A57C54D}"
EndProject
Project("{9A19103F-16F7-4668-BE54-9A1E7A4F7556}") = "Aloha.CQRS.Queries", "src\Aloha.CQRS.Queries\Aloha.CQRS.Queries.csproj", "{EF1C7C59-A3BC-4222-93FD-ACA2C87D4A29}"
EndProject
Project("{9A19103F-16F7-4668-BE54-9A1E7A4F7556}") = "Aloha.MessageBrokers.CQRS", "src\Aloha.MessageBrokers.CQRS\Aloha.MessageBrokers.CQRS.csproj", "{5092A6E0-7D96-40BE-BBBD-BD6D30AE6CB7}"
EndProject
Project("{9A19103F-16F7-4668-BE54-9A1E7A4F7556}") = "Aloha.CQRS.Notifications", "src\Aloha.CQRS.Notifications\Aloha.CQRS.Notifications.csproj", "{C8BC62E2-102C-4487-988B-AB349676FFD0}"
EndProject
Project("{9A19103F-16F7-4668-BE54-9A1E7A4F7556}") = "Aloha.Storages.AmazonS3", "src\Aloha.Storages.AmazonS3\Aloha.Storages.AmazonS3.csproj", "{6612A724-6A74-43F4-A377-48C3CE049712}"
EndProject
Project("{9A19103F-16F7-4668-BE54-9A1E7A4F7556}") = "Aloha.MessageBrokers.AmazonSQS", "src\Aloha.MessageBrokers.AmazonSQS\Aloha.MessageBrokers.AmazonSQS.csproj", "{D794D778-A998-4702-9D59-D98EFF9C917D}"
EndProject
Project("{9A19103F-16F7-4668-BE54-9A1E7A4F7556}") = "Aloha.Services.Customers", "samples\Aloha.Services.Customers\Aloha.Services.Customers.csproj", "{3D046974-FF40-4724-BE4F-C98164CF9318}"
EndProject
Project("{9A19103F-16F7-4668-BE54-9A1E7A4F7556}") = "Aloha.Services.Carts", "samples\Aloha.Services.Carts\Aloha.Services.Carts.csproj", "{CFA67D3E-A09B-4242-A638-3215134F5983}"
EndProject
Global
	GlobalSection(SolutionConfigurationPlatforms) = preSolution
		Debug|Any CPU = Debug|Any CPU
		Release|Any CPU = Release|Any CPU
	EndGlobalSection
	GlobalSection(ProjectConfigurationPlatforms) = postSolution
		{4016EE74-5F0C-47F3-B338-EED9B06BD6FC}.Debug|Any CPU.ActiveCfg = Debug|Any CPU
		{4016EE74-5F0C-47F3-B338-EED9B06BD6FC}.Debug|Any CPU.Build.0 = Debug|Any CPU
		{4016EE74-5F0C-47F3-B338-EED9B06BD6FC}.Release|Any CPU.ActiveCfg = Release|Any CPU
		{4016EE74-5F0C-47F3-B338-EED9B06BD6FC}.Release|Any CPU.Build.0 = Release|Any CPU
		{BEC85A62-7D51-4A6D-AC38-858A944F5B4C}.Debug|Any CPU.ActiveCfg = Debug|Any CPU
		{BEC85A62-7D51-4A6D-AC38-858A944F5B4C}.Debug|Any CPU.Build.0 = Debug|Any CPU
		{BEC85A62-7D51-4A6D-AC38-858A944F5B4C}.Release|Any CPU.ActiveCfg = Release|Any CPU
		{BEC85A62-7D51-4A6D-AC38-858A944F5B4C}.Release|Any CPU.Build.0 = Release|Any CPU
		{DE764103-F32A-430F-8D83-1E22399B0065}.Debug|Any CPU.ActiveCfg = Debug|Any CPU
		{DE764103-F32A-430F-8D83-1E22399B0065}.Debug|Any CPU.Build.0 = Debug|Any CPU
		{DE764103-F32A-430F-8D83-1E22399B0065}.Release|Any CPU.ActiveCfg = Release|Any CPU
		{DE764103-F32A-430F-8D83-1E22399B0065}.Release|Any CPU.Build.0 = Release|Any CPU
		{F3AE52AB-4F3D-4DFB-A970-10F97EC228BC}.Debug|Any CPU.ActiveCfg = Debug|Any CPU
		{F3AE52AB-4F3D-4DFB-A970-10F97EC228BC}.Debug|Any CPU.Build.0 = Debug|Any CPU
		{F3AE52AB-4F3D-4DFB-A970-10F97EC228BC}.Release|Any CPU.ActiveCfg = Release|Any CPU
		{F3AE52AB-4F3D-4DFB-A970-10F97EC228BC}.Release|Any CPU.Build.0 = Release|Any CPU
		{A0447F34-DA4C-4DDD-8215-7979C1DF2B39}.Debug|Any CPU.ActiveCfg = Debug|Any CPU
		{A0447F34-DA4C-4DDD-8215-7979C1DF2B39}.Debug|Any CPU.Build.0 = Debug|Any CPU
		{A0447F34-DA4C-4DDD-8215-7979C1DF2B39}.Release|Any CPU.ActiveCfg = Release|Any CPU
		{A0447F34-DA4C-4DDD-8215-7979C1DF2B39}.Release|Any CPU.Build.0 = Release|Any CPU
		{8C259A35-A008-4E26-AC15-BBE57A57C54D}.Debug|Any CPU.ActiveCfg = Debug|Any CPU
		{8C259A35-A008-4E26-AC15-BBE57A57C54D}.Debug|Any CPU.Build.0 = Debug|Any CPU
		{8C259A35-A008-4E26-AC15-BBE57A57C54D}.Release|Any CPU.ActiveCfg = Release|Any CPU
		{8C259A35-A008-4E26-AC15-BBE57A57C54D}.Release|Any CPU.Build.0 = Release|Any CPU
		{EF1C7C59-A3BC-4222-93FD-ACA2C87D4A29}.Debug|Any CPU.ActiveCfg = Debug|Any CPU
		{EF1C7C59-A3BC-4222-93FD-ACA2C87D4A29}.Debug|Any CPU.Build.0 = Debug|Any CPU
		{EF1C7C59-A3BC-4222-93FD-ACA2C87D4A29}.Release|Any CPU.ActiveCfg = Release|Any CPU
		{EF1C7C59-A3BC-4222-93FD-ACA2C87D4A29}.Release|Any CPU.Build.0 = Release|Any CPU
		{5092A6E0-7D96-40BE-BBBD-BD6D30AE6CB7}.Debug|Any CPU.ActiveCfg = Debug|Any CPU
		{5092A6E0-7D96-40BE-BBBD-BD6D30AE6CB7}.Debug|Any CPU.Build.0 = Debug|Any CPU
		{5092A6E0-7D96-40BE-BBBD-BD6D30AE6CB7}.Release|Any CPU.ActiveCfg = Release|Any CPU
		{5092A6E0-7D96-40BE-BBBD-BD6D30AE6CB7}.Release|Any CPU.Build.0 = Release|Any CPU
		{C8BC62E2-102C-4487-988B-AB349676FFD0}.Debug|Any CPU.ActiveCfg = Debug|Any CPU
		{C8BC62E2-102C-4487-988B-AB349676FFD0}.Debug|Any CPU.Build.0 = Debug|Any CPU
		{C8BC62E2-102C-4487-988B-AB349676FFD0}.Release|Any CPU.ActiveCfg = Release|Any CPU
		{C8BC62E2-102C-4487-988B-AB349676FFD0}.Release|Any CPU.Build.0 = Release|Any CPU
		{6612A724-6A74-43F4-A377-48C3CE049712}.Debug|Any CPU.ActiveCfg = Debug|Any CPU
		{6612A724-6A74-43F4-A377-48C3CE049712}.Debug|Any CPU.Build.0 = Debug|Any CPU
		{6612A724-6A74-43F4-A377-48C3CE049712}.Release|Any CPU.ActiveCfg = Release|Any CPU
		{6612A724-6A74-43F4-A377-48C3CE049712}.Release|Any CPU.Build.0 = Release|Any CPU
		{D794D778-A998-4702-9D59-D98EFF9C917D}.Debug|Any CPU.ActiveCfg = Debug|Any CPU
		{D794D778-A998-4702-9D59-D98EFF9C917D}.Debug|Any CPU.Build.0 = Debug|Any CPU
		{D794D778-A998-4702-9D59-D98EFF9C917D}.Release|Any CPU.ActiveCfg = Release|Any CPU
		{D794D778-A998-4702-9D59-D98EFF9C917D}.Release|Any CPU.Build.0 = Release|Any CPU
		{3D046974-FF40-4724-BE4F-C98164CF9318}.Debug|Any CPU.ActiveCfg = Debug|Any CPU
		{3D046974-FF40-4724-BE4F-C98164CF9318}.Debug|Any CPU.Build.0 = Debug|Any CPU
		{3D046974-FF40-4724-BE4F-C98164CF9318}.Release|Any CPU.ActiveCfg = Release|Any CPU
		{3D046974-FF40-4724-BE4F-C98164CF9318}.Release|Any CPU.Build.0 = Release|Any CPU
		{CFA67D3E-A09B-4242-A638-3215134F5983}.Debug|Any CPU.ActiveCfg = Debug|Any CPU
		{CFA67D3E-A09B-4242-A638-3215134F5983}.Debug|Any CPU.Build.0 = Debug|Any CPU
		{CFA67D3E-A09B-4242-A638-3215134F5983}.Release|Any CPU.ActiveCfg = Release|Any CPU
		{CFA67D3E-A09B-4242-A638-3215134F5983}.Release|Any CPU.Build.0 = Release|Any CPU
	EndGlobalSection
	GlobalSection(SolutionProperties) = preSolution
		HideSolutionNode = FALSE
	EndGlobalSection
	GlobalSection(NestedProjects) = preSolution
		{4016EE74-5F0C-47F3-B338-EED9B06BD6FC} = {65DDED9C-3011-4225-BE10-C25442471F1D}
		{BEC85A62-7D51-4A6D-AC38-858A944F5B4C} = {6CEBED5A-5E6D-43C6-BBF1-14EAFD09E603}
		{DE764103-F32A-430F-8D83-1E22399B0065} = {65DDED9C-3011-4225-BE10-C25442471F1D}
		{F3AE52AB-4F3D-4DFB-A970-10F97EC228BC} = {65DDED9C-3011-4225-BE10-C25442471F1D}
		{A0447F34-DA4C-4DDD-8215-7979C1DF2B39} = {65DDED9C-3011-4225-BE10-C25442471F1D}
		{8C259A35-A008-4E26-AC15-BBE57A57C54D} = {65DDED9C-3011-4225-BE10-C25442471F1D}
		{EF1C7C59-A3BC-4222-93FD-ACA2C87D4A29} = {65DDED9C-3011-4225-BE10-C25442471F1D}
		{5092A6E0-7D96-40BE-BBBD-BD6D30AE6CB7} = {65DDED9C-3011-4225-BE10-C25442471F1D}
		{C8BC62E2-102C-4487-988B-AB349676FFD0} = {65DDED9C-3011-4225-BE10-C25442471F1D}
		{6612A724-6A74-43F4-A377-48C3CE049712} = {65DDED9C-3011-4225-BE10-C25442471F1D}
		{D794D778-A998-4702-9D59-D98EFF9C917D} = {65DDED9C-3011-4225-BE10-C25442471F1D}
		{3D046974-FF40-4724-BE4F-C98164CF9318} = {6CEBED5A-5E6D-43C6-BBF1-14EAFD09E603}
		{CFA67D3E-A09B-4242-A638-3215134F5983} = {6CEBED5A-5E6D-43C6-BBF1-14EAFD09E603}
	EndGlobalSection
	GlobalSection(ExtensibilityGlobals) = postSolution
		SolutionGuid = {764D7452-E2AD-4907-8F13-D1C2545421FC}
	EndGlobalSection
EndGlobal
